// !$*UTF8*$!
{
	archiveVersion = 1;
	classes = {
	};
	objectVersion = 46;
	objects = {

/* Begin PBXBuildFile section */
		F53D82F61CBC182F007C46C5 /* AppDelegate.swift in Sources */ = {isa = PBXBuildFile; fileRef = F53D82F51CBC182F007C46C5 /* AppDelegate.swift */; };
		F53D82F81CBC182F007C46C5 /* ViewController.swift in Sources */ = {isa = PBXBuildFile; fileRef = F53D82F71CBC182F007C46C5 /* ViewController.swift */; };
		F53D82FB1CBC182F007C46C5 /* Main.storyboard in Resources */ = {isa = PBXBuildFile; fileRef = F53D82F91CBC182F007C46C5 /* Main.storyboard */; };
		F53D82FE1CBC182F007C46C5 /* PlayLocalVideo.xcdatamodeld in Sources */ = {isa = PBXBuildFile; fileRef = F53D82FC1CBC182F007C46C5 /* PlayLocalVideo.xcdatamodeld */; };
		F53D83001CBC182F007C46C5 /* Assets.xcassets in Resources */ = {isa = PBXBuildFile; fileRef = F53D82FF1CBC182F007C46C5 /* Assets.xcassets */; };
		F53D83031CBC182F007C46C5 /* LaunchScreen.storyboard in Resources */ = {isa = PBXBuildFile; fileRef = F53D83011CBC182F007C46C5 /* LaunchScreen.storyboard */; };
		F53D830E1CBC182F007C46C5 /* PlayLocalVideoTests.swift in Sources */ = {isa = PBXBuildFile; fileRef = F53D830D1CBC182F007C46C5 /* PlayLocalVideoTests.swift */; };
		F53D83191CBC182F007C46C5 /* PlayLocalVideoUITests.swift in Sources */ = {isa = PBXBuildFile; fileRef = F53D83181CBC182F007C46C5 /* PlayLocalVideoUITests.swift */; };
		F53D83281CBC1C78007C46C5 /* Video.swift in Sources */ = {isa = PBXBuildFile; fileRef = F53D83271CBC1C78007C46C5 /* Video.swift */; };
		F53D832A1CBC1D50007C46C5 /* MyTableViewCell.swift in Sources */ = {isa = PBXBuildFile; fileRef = F53D83291CBC1D50007C46C5 /* MyTableViewCell.swift */; };
		F53D83321CBCD5D7007C46C5 /* emoji zone.mp4 in Resources */ = {isa = PBXBuildFile; fileRef = F53D83301CBCD297007C46C5 /* emoji zone.mp4 */; };
/* End PBXBuildFile section */

/* Begin PBXContainerItemProxy section */
		F53D830A1CBC182F007C46C5 /* PBXContainerItemProxy */ = {
			isa = PBXContainerItemProxy;
			containerPortal = F53D82EA1CBC182F007C46C5 /* Project object */;
			proxyType = 1;
			remoteGlobalIDString = F53D82F11CBC182F007C46C5;
			remoteInfo = PlayLocalVideo;
		};
		F53D83151CBC182F007C46C5 /* PBXContainerItemProxy */ = {
			isa = PBXContainerItemProxy;
			containerPortal = F53D82EA1CBC182F007C46C5 /* Project object */;
			proxyType = 1;
			remoteGlobalIDString = F53D82F11CBC182F007C46C5;
			remoteInfo = PlayLocalVideo;
		};
/* End PBXContainerItemProxy section */

/* Begin PBXFileReference section */
		F53D82F21CBC182F007C46C5 /* PlayLocalVideo.app */ = {isa = PBXFileReference; explicitFileType = wrapper.application; includeInIndex = 0; path = PlayLocalVideo.app; sourceTree = BUILT_PRODUCTS_DIR; };
		F53D82F51CBC182F007C46C5 /* AppDelegate.swift */ = {isa = PBXFileReference; lastKnownFileType = sourcecode.swift; path = AppDelegate.swift; sourceTree = "<group>"; };
		F53D82F71CBC182F007C46C5 /* ViewController.swift */ = {isa = PBXFileReference; lastKnownFileType = sourcecode.swift; path = ViewController.swift; sourceTree = "<group>"; };
		F53D82FA1CBC182F007C46C5 /* Base */ = {isa = PBXFileReference; lastKnownFileType = file.storyboard; name = Base; path = Base.lproj/Main.storyboard; sourceTree = "<group>"; };
		F53D82FD1CBC182F007C46C5 /* PlayLocalVideo.xcdatamodel */ = {isa = PBXFileReference; lastKnownFileType = wrapper.xcdatamodel; path = PlayLocalVideo.xcdatamodel; sourceTree = "<group>"; };
		F53D82FF1CBC182F007C46C5 /* Assets.xcassets */ = {isa = PBXFileReference; lastKnownFileType = folder.assetcatalog; path = Assets.xcassets; sourceTree = "<group>"; };
		F53D83021CBC182F007C46C5 /* Base */ = {isa = PBXFileReference; lastKnownFileType = file.storyboard; name = Base; path = Base.lproj/LaunchScreen.storyboard; sourceTree = "<group>"; };
		F53D83041CBC182F007C46C5 /* Info.plist */ = {isa = PBXFileReference; lastKnownFileType = text.plist.xml; path = Info.plist; sourceTree = "<group>"; };
		F53D83091CBC182F007C46C5 /* PlayLocalVideoTests.xctest */ = {isa = PBXFileReference; explicitFileType = wrapper.cfbundle; includeInIndex = 0; path = PlayLocalVideoTests.xctest; sourceTree = BUILT_PRODUCTS_DIR; };
		F53D830D1CBC182F007C46C5 /* PlayLocalVideoTests.swift */ = {isa = PBXFileReference; lastKnownFileType = sourcecode.swift; path = PlayLocalVideoTests.swift; sourceTree = "<group>"; };
		F53D830F1CBC182F007C46C5 /* Info.plist */ = {isa = PBXFileReference; lastKnownFileType = text.plist.xml; path = Info.plist; sourceTree = "<group>"; };
		F53D83141CBC182F007C46C5 /* PlayLocalVideoUITests.xctest */ = {isa = PBXFileReference; explicitFileType = wrapper.cfbundle; includeInIndex = 0; path = PlayLocalVideoUITests.xctest; sourceTree = BUILT_PRODUCTS_DIR; };
		F53D83181CBC182F007C46C5 /* PlayLocalVideoUITests.swift */ = {isa = PBXFileReference; lastKnownFileType = sourcecode.swift; path = PlayLocalVideoUITests.swift; sourceTree = "<group>"; };
		F53D831A1CBC182F007C46C5 /* Info.plist */ = {isa = PBXFileReference; lastKnownFileType = text.plist.xml; path = Info.plist; sourceTree = "<group>"; };
		F53D83271CBC1C78007C46C5 /* Video.swift */ = {isa = PBXFileReference; fileEncoding = 4; lastKnownFileType = sourcecode.swift; path = Video.swift; sourceTree = "<group>"; };
		F53D83291CBC1D50007C46C5 /* MyTableViewCell.swift */ = {isa = PBXFileReference; fileEncoding = 4; lastKnownFileType = sourcecode.swift; path = MyTableViewCell.swift; sourceTree = "<group>"; };
		F53D83301CBCD297007C46C5 /* emoji zone.mp4 */ = {isa = PBXFileReference; lastKnownFileType = file; path = "emoji zone.mp4"; sourceTree = "<group>"; };
/* End PBXFileReference section */

/* Begin PBXFrameworksBuildPhase section */
		F53D82EF1CBC182F007C46C5 /* Frameworks */ = {
			isa = PBXFrameworksBuildPhase;
			buildActionMask = 2147483647;
			files = (
			);
			runOnlyForDeploymentPostprocessing = 0;
		};
		F53D83061CBC182F007C46C5 /* Frameworks */ = {
			isa = PBXFrameworksBuildPhase;
			buildActionMask = 2147483647;
			files = (
			);
			runOnlyForDeploymentPostprocessing = 0;
		};
		F53D83111CBC182F007C46C5 /* Frameworks */ = {
			isa = PBXFrameworksBuildPhase;
			buildActionMask = 2147483647;
			files = (
			);
			runOnlyForDeploymentPostprocessing = 0;
		};
/* End PBXFrameworksBuildPhase section */

/* Begin PBXGroup section */
		F53D82E91CBC182F007C46C5 = {
			isa = PBXGroup;
			children = (
				F53D82F41CBC182F007C46C5 /* PlayLocalVideo */,
				F53D830C1CBC182F007C46C5 /* PlayLocalVideoTests */,
				F53D83171CBC182F007C46C5 /* PlayLocalVideoUITests */,
				F53D82F31CBC182F007C46C5 /* Products */,
			);
			sourceTree = "<group>";
		};
		F53D82F31CBC182F007C46C5 /* Products */ = {
			isa = PBXGroup;
			children = (
				F53D82F21CBC182F007C46C5 /* PlayLocalVideo.app */,
				F53D83091CBC182F007C46C5 /* PlayLocalVideoTests.xctest */,
				F53D83141CBC182F007C46C5 /* PlayLocalVideoUITests.xctest */,
			);
			name = Products;
			sourceTree = "<group>";
		};
		F53D82F41CBC182F007C46C5 /* PlayLocalVideo */ = {
			isa = PBXGroup;
			children = (
				F53D83311CBCD29C007C46C5 /* Videos */,
				F53D83261CBC1C68007C46C5 /* Others */,
				F53D82F51CBC182F007C46C5 /* AppDelegate.swift */,
				F53D82F71CBC182F007C46C5 /* ViewController.swift */,
				F53D83291CBC1D50007C46C5 /* MyTableViewCell.swift */,
				F53D82F91CBC182F007C46C5 /* Main.storyboard */,
				F53D82FF1CBC182F007C46C5 /* Assets.xcassets */,
				F53D83011CBC182F007C46C5 /* LaunchScreen.storyboard */,
				F53D83041CBC182F007C46C5 /* Info.plist */,
				F53D82FC1CBC182F007C46C5 /* PlayLocalVideo.xcdatamodeld */,
			);
			path = PlayLocalVideo;
			sourceTree = "<group>";
		};
		F53D830C1CBC182F007C46C5 /* PlayLocalVideoTests */ = {
			isa = PBXGroup;
			children = (
				F53D830D1CBC182F007C46C5 /* PlayLocalVideoTests.swift */,
				F53D830F1CBC182F007C46C5 /* Info.plist */,
			);
			path = PlayLocalVideoTests;
			sourceTree = "<group>";
		};
		F53D83171CBC182F007C46C5 /* PlayLocalVideoUITests */ = {
			isa = PBXGroup;
			children = (
				F53D83181CBC182F007C46C5 /* PlayLocalVideoUITests.swift */,
				F53D831A1CBC182F007C46C5 /* Info.plist */,
			);
			path = PlayLocalVideoUITests;
			sourceTree = "<group>";
		};
		F53D83261CBC1C68007C46C5 /* Others */ = {
			isa = PBXGroup;
			children = (
				F53D83271CBC1C78007C46C5 /* Video.swift */,
			);
			name = Others;
			sourceTree = "<group>";
		};
		F53D83311CBCD29C007C46C5 /* Videos */ = {
			isa = PBXGroup;
			children = (
				F53D83301CBCD297007C46C5 /* emoji zone.mp4 */,
			);
			name = Videos;
			sourceTree = "<group>";
		};
/* End PBXGroup section */

/* Begin PBXNativeTarget section */
		F53D82F11CBC182F007C46C5 /* PlayLocalVideo */ = {
			isa = PBXNativeTarget;
			buildConfigurationList = F53D831D1CBC182F007C46C5 /* Build configuration list for PBXNativeTarget "PlayLocalVideo" */;
			buildPhases = (
				F53D82EE1CBC182F007C46C5 /* Sources */,
				F53D82EF1CBC182F007C46C5 /* Frameworks */,
				F53D82F01CBC182F007C46C5 /* Resources */,
			);
			buildRules = (
			);
			dependencies = (
			);
			name = PlayLocalVideo;
			productName = PlayLocalVideo;
			productReference = F53D82F21CBC182F007C46C5 /* PlayLocalVideo.app */;
			productType = "com.apple.product-type.application";
		};
		F53D83081CBC182F007C46C5 /* PlayLocalVideoTests */ = {
			isa = PBXNativeTarget;
			buildConfigurationList = F53D83201CBC182F007C46C5 /* Build configuration list for PBXNativeTarget "PlayLocalVideoTests" */;
			buildPhases = (
				F53D83051CBC182F007C46C5 /* Sources */,
				F53D83061CBC182F007C46C5 /* Frameworks */,
				F53D83071CBC182F007C46C5 /* Resources */,
			);
			buildRules = (
			);
			dependencies = (
				F53D830B1CBC182F007C46C5 /* PBXTargetDependency */,
			);
			name = PlayLocalVideoTests;
			productName = PlayLocalVideoTests;
			productReference = F53D83091CBC182F007C46C5 /* PlayLocalVideoTests.xctest */;
			productType = "com.apple.product-type.bundle.unit-test";
		};
		F53D83131CBC182F007C46C5 /* PlayLocalVideoUITests */ = {
			isa = PBXNativeTarget;
			buildConfigurationList = F53D83231CBC182F007C46C5 /* Build configuration list for PBXNativeTarget "PlayLocalVideoUITests" */;
			buildPhases = (
				F53D83101CBC182F007C46C5 /* Sources */,
				F53D83111CBC182F007C46C5 /* Frameworks */,
				F53D83121CBC182F007C46C5 /* Resources */,
			);
			buildRules = (
			);
			dependencies = (
				F53D83161CBC182F007C46C5 /* PBXTargetDependency */,
			);
			name = PlayLocalVideoUITests;
			productName = PlayLocalVideoUITests;
			productReference = F53D83141CBC182F007C46C5 /* PlayLocalVideoUITests.xctest */;
			productType = "com.apple.product-type.bundle.ui-testing";
		};
/* End PBXNativeTarget section */

/* Begin PBXProject section */
		F53D82EA1CBC182F007C46C5 /* Project object */ = {
			isa = PBXProject;
			attributes = {
				LastSwiftUpdateCheck = 0730;
				LastUpgradeCheck = 0730;
				ORGANIZATIONNAME = "Yuxiang Tang";
				TargetAttributes = {
					F53D82F11CBC182F007C46C5 = {
						CreatedOnToolsVersion = 7.3;
					};
					F53D83081CBC182F007C46C5 = {
						CreatedOnToolsVersion = 7.3;
						TestTargetID = F53D82F11CBC182F007C46C5;
					};
					F53D83131CBC182F007C46C5 = {
						CreatedOnToolsVersion = 7.3;
						TestTargetID = F53D82F11CBC182F007C46C5;
					};
				};
			};
			buildConfigurationList = F53D82ED1CBC182F007C46C5 /* Build configuration list for PBXProject "PlayLocalVideo" */;
			compatibilityVersion = "Xcode 3.2";
			developmentRegion = English;
			hasScannedForEncodings = 0;
			knownRegions = (
				en,
				Base,
			);
			mainGroup = F53D82E91CBC182F007C46C5;
			productRefGroup = F53D82F31CBC182F007C46C5 /* Products */;
			projectDirPath = "";
			projectRoot = "";
			targets = (
				F53D82F11CBC182F007C46C5 /* PlayLocalVideo */,
				F53D83081CBC182F007C46C5 /* PlayLocalVideoTests */,
				F53D83131CBC182F007C46C5 /* PlayLocalVideoUITests */,
			);
		};
/* End PBXProject section */

/* Begin PBXResourcesBuildPhase section */
		F53D82F01CBC182F007C46C5 /* Resources */ = {
			isa = PBXResourcesBuildPhase;
			buildActionMask = 2147483647;
			files = (
				F53D83321CBCD5D7007C46C5 /* emoji zone.mp4 in Resources */,
				F53D83031CBC182F007C46C5 /* LaunchScreen.storyboard in Resources */,
				F53D83001CBC182F007C46C5 /* Assets.xcassets in Resources */,
				F53D82FB1CBC182F007C46C5 /* Main.storyboard in Resources */,
			);
			runOnlyForDeploymentPostprocessing = 0;
		};
		F53D83071CBC182F007C46C5 /* Resources */ = {
			isa = PBXResourcesBuildPhase;
			buildActionMask = 2147483647;
			files = (
			);
			runOnlyForDeploymentPostprocessing = 0;
		};
		F53D83121CBC182F007C46C5 /* Resources */ = {
			isa = PBXResourcesBuildPhase;
			buildActionMask = 2147483647;
			files = (
			);
			runOnlyForDeploymentPostprocessing = 0;
		};
/* End PBXResourcesBuildPhase section */

/* Begin PBXSourcesBuildPhase section */
		F53D82EE1CBC182F007C46C5 /* Sources */ = {
			isa = PBXSourcesBuildPhase;
			buildActionMask = 2147483647;
			files = (
				F53D82F81CBC182F007C46C5 /* ViewController.swift in Sources */,
				F53D83281CBC1C78007C46C5 /* Video.swift in Sources */,
				F53D82FE1CBC182F007C46C5 /* PlayLocalVideo.xcdatamodeld in Sources */,
				F53D832A1CBC1D50007C46C5 /* MyTableViewCell.swift in Sources */,
				F53D82F61CBC182F007C46C5 /* AppDelegate.swift in Sources */,
			);
			runOnlyForDeploymentPostprocessing = 0;
		};
		F53D83051CBC182F007C46C5 /* Sources */ = {
			isa = PBXSourcesBuildPhase;
			buildActionMask = 2147483647;
			files = (
				F53D830E1CBC182F007C46C5 /* PlayLocalVideoTests.swift in Sources */,
			);
			runOnlyForDeploymentPostprocessing = 0;
		};
		F53D83101CBC182F007C46C5 /* Sources */ = {
			isa = PBXSourcesBuildPhase;
			buildActionMask = 2147483647;
			files = (
				F53D83191CBC182F007C46C5 /* PlayLocalVideoUITests.swift in Sources */,
			);
			runOnlyForDeploymentPostprocessing = 0;
		};
/* End PBXSourcesBuildPhase section */

/* Begin PBXTargetDependency section */
		F53D830B1CBC182F007C46C5 /* PBXTargetDependency */ = {
			isa = PBXTargetDependency;
			target = F53D82F11CBC182F007C46C5 /* PlayLocalVideo */;
			targetProxy = F53D830A1CBC182F007C46C5 /* PBXContainerItemProxy */;
		};
		F53D83161CBC182F007C46C5 /* PBXTargetDependency */ = {
			isa = PBXTargetDependency;
			target = F53D82F11CBC182F007C46C5 /* PlayLocalVideo */;
			targetProxy = F53D83151CBC182F007C46C5 /* PBXContainerItemProxy */;
		};
/* End PBXTargetDependency section */

/* Begin PBXVariantGroup section */
		F53D82F91CBC182F007C46C5 /* Main.storyboard */ = {
			isa = PBXVariantGroup;
			children = (
				F53D82FA1CBC182F007C46C5 /* Base */,
			);
			name = Main.storyboard;
			sourceTree = "<group>";
		};
		F53D83011CBC182F007C46C5 /* LaunchScreen.storyboard */ = {
			isa = PBXVariantGroup;
			children = (
				F53D83021CBC182F007C46C5 /* Base */,
			);
			name = LaunchScreen.storyboard;
			sourceTree = "<group>";
		};
/* End PBXVariantGroup section */

/* Begin XCBuildConfiguration section */
		F53D831B1CBC182F007C46C5 /* Debug */ = {
			isa = XCBuildConfiguration;
			buildSettings = {
				ALWAYS_SEARCH_USER_PATHS = NO;
				CLANG_ANALYZER_NONNULL = YES;
				CLANG_CXX_LANGUAGE_STANDARD = "gnu++0x";
				CLANG_CXX_LIBRARY = "libc++";
				CLANG_ENABLE_MODULES = YES;
				CLANG_ENABLE_OBJC_ARC = YES;
				CLANG_WARN_BOOL_CONVERSION = YES;
				CLANG_WARN_CONSTANT_CONVERSION = YES;
				CLANG_WARN_DIRECT_OBJC_ISA_USAGE = YES_ERROR;
				CLANG_WARN_EMPTY_BODY = YES;
				CLANG_WARN_ENUM_CONVERSION = YES;
				CLANG_WARN_INT_CONVERSION = YES;
				CLANG_WARN_OBJC_ROOT_CLASS = YES_ERROR;
				CLANG_WARN_UNREACHABLE_CODE = YES;
				CLANG_WARN__DUPLICATE_METHOD_MATCH = YES;
				"CODE_SIGN_IDENTITY[sdk=iphoneos*]" = "iPhone Developer";
				COPY_PHASE_STRIP = NO;
				DEBUG_INFORMATION_FORMAT = dwarf;
				ENABLE_STRICT_OBJC_MSGSEND = YES;
				ENABLE_TESTABILITY = YES;
				GCC_C_LANGUAGE_STANDARD = gnu99;
				GCC_DYNAMIC_NO_PIC = NO;
				GCC_NO_COMMON_BLOCKS = YES;
				GCC_OPTIMIZATION_LEVEL = 0;
				GCC_PREPROCESSOR_DEFINITIONS = (
					"DEBUG=1",
					"$(inherited)",
				);
				GCC_WARN_64_TO_32_BIT_CONVERSION = YES;
				GCC_WARN_ABOUT_RETURN_TYPE = YES_ERROR;
				GCC_WARN_UNDECLARED_SELECTOR = YES;
				GCC_WARN_UNINITIALIZED_AUTOS = YES_AGGRESSIVE;
				GCC_WARN_UNUSED_FUNCTION = YES;
				GCC_WARN_UNUSED_VARIABLE = YES;
				IPHONEOS_DEPLOYMENT_TARGET = 9.3;
				MTL_ENABLE_DEBUG_INFO = YES;
				ONLY_ACTIVE_ARCH = YES;
				SDKROOT = iphoneos;
				SWIFT_OPTIMIZATION_LEVEL = "-Onone";
				TARGETED_DEVICE_FAMILY = "1,2";
			};
			name = Debug;
		};
		F53D831C1CBC182F007C46C5 /* Release */ = {
			isa = XCBuildConfiguration;
			buildSettings = {
				ALWAYS_SEARCH_USER_PATHS = NO;
				CLANG_ANALYZER_NONNULL = YES;
				CLANG_CXX_LANGUAGE_STANDARD = "gnu++0x";
				CLANG_CXX_LIBRARY = "libc++";
				CLANG_ENABLE_MODULES = YES;
				CLANG_ENABLE_OBJC_ARC = YES;
				CLANG_WARN_BOOL_CONVERSION = YES;
				CLANG_WARN_CONSTANT_CONVERSION = YES;
				CLANG_WARN_DIRECT_OBJC_ISA_USAGE = YES_ERROR;
				CLANG_WARN_EMPTY_BODY = YES;
				CLANG_WARN_ENUM_CONVERSION = YES;
				CLANG_WARN_INT_CONVERSION = YES;
				CLANG_WARN_OBJC_ROOT_CLASS = YES_ERROR;
				CLANG_WARN_UNREACHABLE_CODE = YES;
				CLANG_WARN__DUPLICATE_METHOD_MATCH = YES;
				"CODE_SIGN_IDENTITY[sdk=iphoneos*]" = "iPhone Developer";
				COPY_PHASE_STRIP = NO;
				DEBUG_INFORMATION_FORMAT = "dwarf-with-dsym";
				ENABLE_NS_ASSERTIONS = NO;
				ENABLE_STRICT_OBJC_MSGSEND = YES;
				GCC_C_LANGUAGE_STANDARD = gnu99;
				GCC_NO_COMMON_BLOCKS = YES;
				GCC_WARN_64_TO_32_BIT_CONVERSION = YES;
				GCC_WARN_ABOUT_RETURN_TYPE = YES_ERROR;
				GCC_WARN_UNDECLARED_SELECTOR = YES;
				GCC_WARN_UNINITIALIZED_AUTOS = YES_AGGRESSIVE;
				GCC_WARN_UNUSED_FUNCTION = YES;
				GCC_WARN_UNUSED_VARIABLE = YES;
				IPHONEOS_DEPLOYMENT_TARGET = 9.3;
				MTL_ENABLE_DEBUG_INFO = NO;
				SDKROOT = iphoneos;
				TARGETED_DEVICE_FAMILY = "1,2";
				VALIDATE_PRODUCT = YES;
			};
			name = Release;
		};
		F53D831E1CBC182F007C46C5 /* Debug */ = {
			isa = XCBuildConfiguration;
			buildSettings = {
				ASSETCATALOG_COMPILER_APPICON_NAME = AppIcon;
				INFOPLIST_FILE = PlayLocalVideo/Info.plist;
				LD_RUNPATH_SEARCH_PATHS = "$(inherited) @executable_path/Frameworks";
				PRODUCT_BUNDLE_IDENTIFIER = yuxiangt.usc.edu.PlayLocalVideo;
				PRODUCT_NAME = "$(TARGET_NAME)";
			};
			name = Debug;
		};
		F53D831F1CBC182F007C46C5 /* Release */ = {
			isa = XCBuildConfiguration;
			buildSettings = {
				ASSETCATALOG_COMPILER_APPICON_NAME = AppIcon;
				INFOPLIST_FILE = PlayLocalVideo/Info.plist;
				LD_RUNPATH_SEARCH_PATHS = "$(inherited) @executable_path/Frameworks";
				PRODUCT_BUNDLE_IDENTIFIER = yuxiangt.usc.edu.PlayLocalVideo;
				PRODUCT_NAME = "$(TARGET_NAME)";
			};
			name = Release;
		};
		F53D83211CBC182F007C46C5 /* Debug */ = {
			isa = XCBuildConfiguration;
			buildSettings = {
				BUNDLE_LOADER = "$(TEST_HOST)";
				INFOPLIST_FILE = PlayLocalVideoTests/Info.plist;
				LD_RUNPATH_SEARCH_PATHS = "$(inherited) @executable_path/Frameworks @loader_path/Frameworks";
				PRODUCT_BUNDLE_IDENTIFIER = yuxiangt.usc.edu.PlayLocalVideoTests;
				PRODUCT_NAME = "$(TARGET_NAME)";
				TEST_HOST = "$(BUILT_PRODUCTS_DIR)/PlayLocalVideo.app/PlayLocalVideo";
			};
			name = Debug;
		};
		F53D83221CBC182F007C46C5 /* Release */ = {
			isa = XCBuildConfiguration;
			buildSettings = {
				BUNDLE_LOADER = "$(TEST_HOST)";
				INFOPLIST_FILE = PlayLocalVideoTests/Info.plist;
				LD_RUNPATH_SEARCH_PATHS = "$(inherited) @executable_path/Frameworks @loader_path/Frameworks";
				PRODUCT_BUNDLE_IDENTIFIER = yuxiangt.usc.edu.PlayLocalVideoTests;
				PRODUCT_NAME = "$(TARGET_NAME)";
				TEST_HOST = "$(BUILT_PRODUCTS_DIR)/PlayLocalVideo.app/PlayLocalVideo";
			};
			name = Release;
		};
		F53D83241CBC182F007C46C5 /* Debug */ = {
			isa = XCBuildConfiguration;
			buildSettings = {
				INFOPLIST_FILE = PlayLocalVideoUITests/Info.plist;
				LD_RUNPATH_SEARCH_PATHS = "$(inherited) @executable_path/Frameworks @loader_path/Frameworks";
				PRODUCT_BUNDLE_IDENTIFIER = yuxiangt.usc.edu.PlayLocalVideoUITests;
				PRODUCT_NAME = "$(TARGET_NAME)";
				TEST_TARGET_NAME = PlayLocalVideo;
			};
			name = Debug;
		};
		F53D83251CBC182F007C46C5 /* Release */ = {
			isa = XCBuildConfiguration;
			buildSettings = {
				INFOPLIST_FILE = PlayLocalVideoUITests/Info.plist;
				LD_RUNPATH_SEARCH_PATHS = "$(inherited) @executable_path/Frameworks @loader_path/Frameworks";
				PRODUCT_BUNDLE_IDENTIFIER = yuxiangt.usc.edu.PlayLocalVideoUITests;
				PRODUCT_NAME = "$(TARGET_NAME)";
				TEST_TARGET_NAME = PlayLocalVideo;
			};
			name = Release;
		};
/* End XCBuildConfiguration section */

/* Begin XCConfigurationList section */
		F53D82ED1CBC182F007C46C5 /* Build configuration list for PBXProject "PlayLocalVideo" */ = {
			isa = XCConfigurationList;
			buildConfigurations = (
				F53D831B1CBC182F007C46C5 /* Debug */,
				F53D831C1CBC182F007C46C5 /* Release */,
			);
			defaultConfigurationIsVisible = 0;
			defaultConfigurationName = Release;
		};
		F53D831D1CBC182F007C46C5 /* Build configuration list for PBXNativeTarget "PlayLocalVideo" */ = {
			isa = XCConfigurationList;
			buildConfigurations = (
				F53D831E1CBC182F007C46C5 /* Debug */,
				F53D831F1CBC182F007C46C5 /* Release */,
			);
			defaultConfigurationIsVisible = 0;
		};
		F53D83201CBC182F007C46C5 /* Build configuration list for PBXNativeTarget "PlayLocalVideoTests" */ = {
			isa = XCConfigurationList;
			buildConfigurations = (
				F53D83211CBC182F007C46C5 /* Debug */,
				F53D83221CBC182F007C46C5 /* Release */,
			);
			defaultConfigurationIsVisible = 0;
		};
		F53D83231CBC182F007C46C5 /* Build configuration list for PBXNativeTarget "PlayLocalVideoUITests" */ = {
			isa = XCConfigurationList;
			buildConfigurations = (
				F53D83241CBC182F007C46C5 /* Debug */,
				F53D83251CBC182F007C46C5 /* Release */,
			);
			defaultConfigurationIsVisible = 0;
		};
/* End XCConfigurationList section */

/* Begin XCVersionGroup section */
		F53D82FC1CBC182F007C46C5 /* PlayLocalVideo.xcdatamodeld */ = {
			isa = XCVersionGroup;
			children = (
				F53D82FD1CBC182F007C46C5 /* PlayLocalVideo.xcdatamodel */,
			);
			currentVersion = F53D82FD1CBC182F007C46C5 /* PlayLocalVideo.xcdatamodel */;
			path = PlayLocalVideo.xcdatamodeld;
			sourceTree = "<group>";
			versionGroupType = wrapper.xcdatamodel;
		};
/* End XCVersionGroup section */
	};
	rootObject = F53D82EA1CBC182F007C46C5 /* Project object */;
}
